
Microsoft Visual Studio Solution File, Format Version 12.00
# Visual Studio 14
VisualStudioVersion = 14.0.25420.1
MinimumVisualStudioVersion = 10.0.40219.1
Project("{FAE04EC0-301F-11D3-BF4B-00C04F79EFBC}") = "WebAPI", "WebAPI\WebAPI.csproj", "{7B9DBE73-09AA-45EA-B563-DD679B050B06}"
EndProject
Project("{FAE04EC0-301F-11D3-BF4B-00C04F79EFBC}") = "MVC", "MVC\MVC.csproj", "{92F94DD1-8696-4ADA-A656-3DF7727D4B54}"
EndProject
Global
	GlobalSection(SolutionConfigurationPlatforms) = preSolution
		Debug|Any CPU = Debug|Any CPU
		Release|Any CPU = Release|Any CPU
	EndGlobalSection
	GlobalSection(ProjectConfigurationPlatforms) = postSolution
		{7B9DBE73-09AA-45EA-B563-DD679B050B06}.Debug|Any CPU.ActiveCfg = Debug|Any CPU
		{7B9DBE73-09AA-45EA-B563-DD679B050B06}.Debug|Any CPU.Build.0 = Debug|Any CPU
		{7B9DBE73-09AA-45EA-B563-DD679B050B06}.Release|Any CPU.ActiveCfg = Release|Any CPU
		{7B9DBE73-09AA-45EA-B563-DD679B050B06}.Release|Any CPU.Build.0 = Release|Any CPU
		{92F94DD1-8696-4ADA-A656-3DF7727D4B54}.Debug|Any CPU.ActiveCfg = Debug|Any CPU
		{92F94DD1-8696-4ADA-A656-3DF7727D4B54}.Debug|Any CPU.Build.0 = Debug|Any CPU
		{92F94DD1-8696-4ADA-A656-3DF7727D4B54}.Release|Any CPU.ActiveCfg = Release|Any CPU
		{92F94DD1-8696-4ADA-A656-3DF7727D4B54}.Release|Any CPU.Build.0 = Release|Any CPU
	EndGlobalSection
	GlobalSection(SolutionProperties) = preSolution
		HideSolutionNode = FALSE
	EndGlobalSection
EndGlobal
